
Microsoft Visual Studio Solution File, Format Version 12.00
# Visual Studio 15
VisualStudioVersion = 15.0.27130.2010
MinimumVisualStudioVersion = 10.0.40219.1
Project("{FAE04EC0-301F-11D3-BF4B-00C04F79EFBC}") = "Uwp_Mvvm", "Uwp_Mvvm\Uwp_Mvvm.csproj", "{5A4F3651-5916-4A84-95F6-F6C304586003}"
EndProject
Project("{FAE04EC0-301F-11D3-BF4B-00C04F79EFBC}") = "WpfApp1", "WpfApp1\WpfApp1.csproj", "{C96674F6-CD33-4BBD-AF8B-C35EAEC7AFDD}"
EndProject
Project("{FAE04EC0-301F-11D3-BF4B-00C04F79EFBC}") = "WpfNawMvvm", "WpfNawMvvm\WpfNawMvvm.csproj", "{A4E40C5A-21B5-49B0-90E9-B8A7E0906B89}"
EndProject
Project("{FAE04EC0-301F-11D3-BF4B-00C04F79EFBC}") = "Wpf_EF", "Wpf_EF\Wpf_EF.csproj", "{924DD2D9-9FB1-4CDE-BC59-9B5D84713035}"
EndProject
Project("{FAE04EC0-301F-11D3-BF4B-00C04F79EFBC}") = "Wpf_EF_MVVM", "Wpf_EF_MVVM\Wpf_EF_MVVM.csproj", "{EA798706-35C5-4E47-9A0C-F13EE7BE01DD}"
EndProject
Project("{FAE04EC0-301F-11D3-BF4B-00C04F79EFBC}") = "WpfMvvmLightEmployee", "WpfMvvmLightEmployee\WpfMvvmLightEmployee.csproj", "{21FE8BF5-A10D-400F-A290-46FE0B72E05C}"
EndProject
Project("{FAE04EC0-301F-11D3-BF4B-00C04F79EFBC}") = "MVVMValidation", "Validation in MVVM using Data Annotations\C#\MVVMValidation\MVVMValidation.csproj", "{F3382DF2-19AF-44F1-A7BE-9DC6E58A12BA}"
EndProject
Project("{FAE04EC0-301F-11D3-BF4B-00C04F79EFBC}") = "WpfMvvmDsmSimulator", "WpfMvvmDsmSimulator\WpfMvvmDsmSimulator.csproj", "{D7B2D17D-1960-41B6-BAF9-30EAEE2C7226}"
EndProject
Global
	GlobalSection(SolutionConfigurationPlatforms) = preSolution
		Debug|Any CPU = Debug|Any CPU
		Debug|ARM = Debug|ARM
		Debug|x64 = Debug|x64
		Debug|x86 = Debug|x86
		Release|Any CPU = Release|Any CPU
		Release|ARM = Release|ARM
		Release|x64 = Release|x64
		Release|x86 = Release|x86
	EndGlobalSection
	GlobalSection(ProjectConfigurationPlatforms) = postSolution
		{5A4F3651-5916-4A84-95F6-F6C304586003}.Debug|Any CPU.ActiveCfg = Debug|x86
		{5A4F3651-5916-4A84-95F6-F6C304586003}.Debug|ARM.ActiveCfg = Debug|ARM
		{5A4F3651-5916-4A84-95F6-F6C304586003}.Debug|ARM.Build.0 = Debug|ARM
		{5A4F3651-5916-4A84-95F6-F6C304586003}.Debug|ARM.Deploy.0 = Debug|ARM
		{5A4F3651-5916-4A84-95F6-F6C304586003}.Debug|x64.ActiveCfg = Debug|x64
		{5A4F3651-5916-4A84-95F6-F6C304586003}.Debug|x64.Build.0 = Debug|x64
		{5A4F3651-5916-4A84-95F6-F6C304586003}.Debug|x64.Deploy.0 = Debug|x64
		{5A4F3651-5916-4A84-95F6-F6C304586003}.Debug|x86.ActiveCfg = Debug|x86
		{5A4F3651-5916-4A84-95F6-F6C304586003}.Debug|x86.Build.0 = Debug|x86
		{5A4F3651-5916-4A84-95F6-F6C304586003}.Debug|x86.Deploy.0 = Debug|x86
		{5A4F3651-5916-4A84-95F6-F6C304586003}.Release|Any CPU.ActiveCfg = Release|x86
		{5A4F3651-5916-4A84-95F6-F6C304586003}.Release|ARM.ActiveCfg = Release|ARM
		{5A4F3651-5916-4A84-95F6-F6C304586003}.Release|ARM.Build.0 = Release|ARM
		{5A4F3651-5916-4A84-95F6-F6C304586003}.Release|ARM.Deploy.0 = Release|ARM
		{5A4F3651-5916-4A84-95F6-F6C304586003}.Release|x64.ActiveCfg = Release|x64
		{5A4F3651-5916-4A84-95F6-F6C304586003}.Release|x64.Build.0 = Release|x64
		{5A4F3651-5916-4A84-95F6-F6C304586003}.Release|x64.Deploy.0 = Release|x64
		{5A4F3651-5916-4A84-95F6-F6C304586003}.Release|x86.ActiveCfg = Release|x86
		{5A4F3651-5916-4A84-95F6-F6C304586003}.Release|x86.Build.0 = Release|x86
		{5A4F3651-5916-4A84-95F6-F6C304586003}.Release|x86.Deploy.0 = Release|x86
		{C96674F6-CD33-4BBD-AF8B-C35EAEC7AFDD}.Debug|Any CPU.ActiveCfg = Debug|Any CPU
		{C96674F6-CD33-4BBD-AF8B-C35EAEC7AFDD}.Debug|Any CPU.Build.0 = Debug|Any CPU
		{C96674F6-CD33-4BBD-AF8B-C35EAEC7AFDD}.Debug|ARM.ActiveCfg = Debug|Any CPU
		{C96674F6-CD33-4BBD-AF8B-C35EAEC7AFDD}.Debug|ARM.Build.0 = Debug|Any CPU
		{C96674F6-CD33-4BBD-AF8B-C35EAEC7AFDD}.Debug|x64.ActiveCfg = Debug|Any CPU
		{C96674F6-CD33-4BBD-AF8B-C35EAEC7AFDD}.Debug|x64.Build.0 = Debug|Any CPU
		{C96674F6-CD33-4BBD-AF8B-C35EAEC7AFDD}.Debug|x86.ActiveCfg = Debug|Any CPU
		{C96674F6-CD33-4BBD-AF8B-C35EAEC7AFDD}.Debug|x86.Build.0 = Debug|Any CPU
		{C96674F6-CD33-4BBD-AF8B-C35EAEC7AFDD}.Release|Any CPU.ActiveCfg = Release|Any CPU
		{C96674F6-CD33-4BBD-AF8B-C35EAEC7AFDD}.Release|Any CPU.Build.0 = Release|Any CPU
		{C96674F6-CD33-4BBD-AF8B-C35EAEC7AFDD}.Release|ARM.ActiveCfg = Release|Any CPU
		{C96674F6-CD33-4BBD-AF8B-C35EAEC7AFDD}.Release|ARM.Build.0 = Release|Any CPU
		{C96674F6-CD33-4BBD-AF8B-C35EAEC7AFDD}.Release|x64.ActiveCfg = Release|Any CPU
		{C96674F6-CD33-4BBD-AF8B-C35EAEC7AFDD}.Release|x64.Build.0 = Release|Any CPU
		{C96674F6-CD33-4BBD-AF8B-C35EAEC7AFDD}.Release|x86.ActiveCfg = Release|Any CPU
		{C96674F6-CD33-4BBD-AF8B-C35EAEC7AFDD}.Release|x86.Build.0 = Release|Any CPU
		{A4E40C5A-21B5-49B0-90E9-B8A7E0906B89}.Debug|Any CPU.ActiveCfg = Debug|Any CPU
		{A4E40C5A-21B5-49B0-90E9-B8A7E0906B89}.Debug|Any CPU.Build.0 = Debug|Any CPU
		{A4E40C5A-21B5-49B0-90E9-B8A7E0906B89}.Debug|ARM.ActiveCfg = Debug|Any CPU
		{A4E40C5A-21B5-49B0-90E9-B8A7E0906B89}.Debug|ARM.Build.0 = Debug|Any CPU
		{A4E40C5A-21B5-49B0-90E9-B8A7E0906B89}.Debug|x64.ActiveCfg = Debug|Any CPU
		{A4E40C5A-21B5-49B0-90E9-B8A7E0906B89}.Debug|x64.Build.0 = Debug|Any CPU
		{A4E40C5A-21B5-49B0-90E9-B8A7E0906B89}.Debug|x86.ActiveCfg = Debug|Any CPU
		{A4E40C5A-21B5-49B0-90E9-B8A7E0906B89}.Debug|x86.Build.0 = Debug|Any CPU
		{A4E40C5A-21B5-49B0-90E9-B8A7E0906B89}.Release|Any CPU.ActiveCfg = Release|Any CPU
		{A4E40C5A-21B5-49B0-90E9-B8A7E0906B89}.Release|Any CPU.Build.0 = Release|Any CPU
		{A4E40C5A-21B5-49B0-90E9-B8A7E0906B89}.Release|ARM.ActiveCfg = Release|Any CPU
		{A4E40C5A-21B5-49B0-90E9-B8A7E0906B89}.Release|ARM.Build.0 = Release|Any CPU
		{A4E40C5A-21B5-49B0-90E9-B8A7E0906B89}.Release|x64.ActiveCfg = Release|Any CPU
		{A4E40C5A-21B5-49B0-90E9-B8A7E0906B89}.Release|x64.Build.0 = Release|Any CPU
		{A4E40C5A-21B5-49B0-90E9-B8A7E0906B89}.Release|x86.ActiveCfg = Release|Any CPU
		{A4E40C5A-21B5-49B0-90E9-B8A7E0906B89}.Release|x86.Build.0 = Release|Any CPU
		{924DD2D9-9FB1-4CDE-BC59-9B5D84713035}.Debug|Any CPU.ActiveCfg = Debug|Any CPU
		{924DD2D9-9FB1-4CDE-BC59-9B5D84713035}.Debug|Any CPU.Build.0 = Debug|Any CPU
		{924DD2D9-9FB1-4CDE-BC59-9B5D84713035}.Debug|ARM.ActiveCfg = Debug|Any CPU
		{924DD2D9-9FB1-4CDE-BC59-9B5D84713035}.Debug|ARM.Build.0 = Debug|Any CPU
		{924DD2D9-9FB1-4CDE-BC59-9B5D84713035}.Debug|x64.ActiveCfg = Debug|Any CPU
		{924DD2D9-9FB1-4CDE-BC59-9B5D84713035}.Debug|x64.Build.0 = Debug|Any CPU
		{924DD2D9-9FB1-4CDE-BC59-9B5D84713035}.Debug|x86.ActiveCfg = Debug|Any CPU
		{924DD2D9-9FB1-4CDE-BC59-9B5D84713035}.Debug|x86.Build.0 = Debug|Any CPU
		{924DD2D9-9FB1-4CDE-BC59-9B5D84713035}.Release|Any CPU.ActiveCfg = Release|Any CPU
		{924DD2D9-9FB1-4CDE-BC59-9B5D84713035}.Release|Any CPU.Build.0 = Release|Any CPU
		{924DD2D9-9FB1-4CDE-BC59-9B5D84713035}.Release|ARM.ActiveCfg = Release|Any CPU
		{924DD2D9-9FB1-4CDE-BC59-9B5D84713035}.Release|ARM.Build.0 = Release|Any CPU
		{924DD2D9-9FB1-4CDE-BC59-9B5D84713035}.Release|x64.ActiveCfg = Release|Any CPU
		{924DD2D9-9FB1-4CDE-BC59-9B5D84713035}.Release|x64.Build.0 = Release|Any CPU
		{924DD2D9-9FB1-4CDE-BC59-9B5D84713035}.Release|x86.ActiveCfg = Release|Any CPU
		{924DD2D9-9FB1-4CDE-BC59-9B5D84713035}.Release|x86.Build.0 = Release|Any CPU
		{EA798706-35C5-4E47-9A0C-F13EE7BE01DD}.Debug|Any CPU.ActiveCfg = Debug|Any CPU
		{EA798706-35C5-4E47-9A0C-F13EE7BE01DD}.Debug|Any CPU.Build.0 = Debug|Any CPU
		{EA798706-35C5-4E47-9A0C-F13EE7BE01DD}.Debug|ARM.ActiveCfg = Debug|Any CPU
		{EA798706-35C5-4E47-9A0C-F13EE7BE01DD}.Debug|ARM.Build.0 = Debug|Any CPU
		{EA798706-35C5-4E47-9A0C-F13EE7BE01DD}.Debug|x64.ActiveCfg = Debug|Any CPU
		{EA798706-35C5-4E47-9A0C-F13EE7BE01DD}.Debug|x64.Build.0 = Debug|Any CPU
		{EA798706-35C5-4E47-9A0C-F13EE7BE01DD}.Debug|x86.ActiveCfg = Debug|Any CPU
		{EA798706-35C5-4E47-9A0C-F13EE7BE01DD}.Debug|x86.Build.0 = Debug|Any CPU
		{EA798706-35C5-4E47-9A0C-F13EE7BE01DD}.Release|Any CPU.ActiveCfg = Release|Any CPU
		{EA798706-35C5-4E47-9A0C-F13EE7BE01DD}.Release|Any CPU.Build.0 = Release|Any CPU
		{EA798706-35C5-4E47-9A0C-F13EE7BE01DD}.Release|ARM.ActiveCfg = Release|Any CPU
		{EA798706-35C5-4E47-9A0C-F13EE7BE01DD}.Release|ARM.Build.0 = Release|Any CPU
		{EA798706-35C5-4E47-9A0C-F13EE7BE01DD}.Release|x64.ActiveCfg = Release|Any CPU
		{EA798706-35C5-4E47-9A0C-F13EE7BE01DD}.Release|x64.Build.0 = Release|Any CPU
		{EA798706-35C5-4E47-9A0C-F13EE7BE01DD}.Release|x86.ActiveCfg = Release|Any CPU
		{EA798706-35C5-4E47-9A0C-F13EE7BE01DD}.Release|x86.Build.0 = Release|Any CPU
		{21FE8BF5-A10D-400F-A290-46FE0B72E05C}.Debug|Any CPU.ActiveCfg = Debug|Any CPU
		{21FE8BF5-A10D-400F-A290-46FE0B72E05C}.Debug|Any CPU.Build.0 = Debug|Any CPU
		{21FE8BF5-A10D-400F-A290-46FE0B72E05C}.Debug|ARM.ActiveCfg = Debug|Any CPU
		{21FE8BF5-A10D-400F-A290-46FE0B72E05C}.Debug|ARM.Build.0 = Debug|Any CPU
		{21FE8BF5-A10D-400F-A290-46FE0B72E05C}.Debug|x64.ActiveCfg = Debug|Any CPU
		{21FE8BF5-A10D-400F-A290-46FE0B72E05C}.Debug|x64.Build.0 = Debug|Any CPU
		{21FE8BF5-A10D-400F-A290-46FE0B72E05C}.Debug|x86.ActiveCfg = Debug|Any CPU
		{21FE8BF5-A10D-400F-A290-46FE0B72E05C}.Debug|x86.Build.0 = Debug|Any CPU
		{21FE8BF5-A10D-400F-A290-46FE0B72E05C}.Release|Any CPU.ActiveCfg = Release|Any CPU
		{21FE8BF5-A10D-400F-A290-46FE0B72E05C}.Release|Any CPU.Build.0 = Release|Any CPU
		{21FE8BF5-A10D-400F-A290-46FE0B72E05C}.Release|ARM.ActiveCfg = Release|Any CPU
		{21FE8BF5-A10D-400F-A290-46FE0B72E05C}.Release|ARM.Build.0 = Release|Any CPU
		{21FE8BF5-A10D-400F-A290-46FE0B72E05C}.Release|x64.ActiveCfg = Release|Any CPU
		{21FE8BF5-A10D-400F-A290-46FE0B72E05C}.Release|x64.Build.0 = Release|Any CPU
		{21FE8BF5-A10D-400F-A290-46FE0B72E05C}.Release|x86.ActiveCfg = Release|Any CPU
		{21FE8BF5-A10D-400F-A290-46FE0B72E05C}.Release|x86.Build.0 = Release|Any CPU
		{F3382DF2-19AF-44F1-A7BE-9DC6E58A12BA}.Debug|Any CPU.ActiveCfg = Debug|Any CPU
		{F3382DF2-19AF-44F1-A7BE-9DC6E58A12BA}.Debug|Any CPU.Build.0 = Debug|Any CPU
		{F3382DF2-19AF-44F1-A7BE-9DC6E58A12BA}.Debug|ARM.ActiveCfg = Debug|Any CPU
		{F3382DF2-19AF-44F1-A7BE-9DC6E58A12BA}.Debug|ARM.Build.0 = Debug|Any CPU
		{F3382DF2-19AF-44F1-A7BE-9DC6E58A12BA}.Debug|x64.ActiveCfg = Debug|Any CPU
		{F3382DF2-19AF-44F1-A7BE-9DC6E58A12BA}.Debug|x64.Build.0 = Debug|Any CPU
		{F3382DF2-19AF-44F1-A7BE-9DC6E58A12BA}.Debug|x86.ActiveCfg = Debug|Any CPU
		{F3382DF2-19AF-44F1-A7BE-9DC6E58A12BA}.Debug|x86.Build.0 = Debug|Any CPU
		{F3382DF2-19AF-44F1-A7BE-9DC6E58A12BA}.Release|Any CPU.ActiveCfg = Release|Any CPU
		{F3382DF2-19AF-44F1-A7BE-9DC6E58A12BA}.Release|Any CPU.Build.0 = Release|Any CPU
		{F3382DF2-19AF-44F1-A7BE-9DC6E58A12BA}.Release|ARM.ActiveCfg = Release|Any CPU
		{F3382DF2-19AF-44F1-A7BE-9DC6E58A12BA}.Release|ARM.Build.0 = Release|Any CPU
		{F3382DF2-19AF-44F1-A7BE-9DC6E58A12BA}.Release|x64.ActiveCfg = Release|Any CPU
		{F3382DF2-19AF-44F1-A7BE-9DC6E58A12BA}.Release|x64.Build.0 = Release|Any CPU
		{F3382DF2-19AF-44F1-A7BE-9DC6E58A12BA}.Release|x86.ActiveCfg = Release|Any CPU
		{F3382DF2-19AF-44F1-A7BE-9DC6E58A12BA}.Release|x86.Build.0 = Release|Any CPU
		{D7B2D17D-1960-41B6-BAF9-30EAEE2C7226}.Debug|Any CPU.ActiveCfg = Debug|Any CPU
		{D7B2D17D-1960-41B6-BAF9-30EAEE2C7226}.Debug|Any CPU.Build.0 = Debug|Any CPU
		{D7B2D17D-1960-41B6-BAF9-30EAEE2C7226}.Debug|ARM.ActiveCfg = Debug|Any CPU
		{D7B2D17D-1960-41B6-BAF9-30EAEE2C7226}.Debug|ARM.Build.0 = Debug|Any CPU
		{D7B2D17D-1960-41B6-BAF9-30EAEE2C7226}.Debug|x64.ActiveCfg = Debug|Any CPU
		{D7B2D17D-1960-41B6-BAF9-30EAEE2C7226}.Debug|x64.Build.0 = Debug|Any CPU
		{D7B2D17D-1960-41B6-BAF9-30EAEE2C7226}.Debug|x86.ActiveCfg = Debug|Any CPU
		{D7B2D17D-1960-41B6-BAF9-30EAEE2C7226}.Debug|x86.Build.0 = Debug|Any CPU
		{D7B2D17D-1960-41B6-BAF9-30EAEE2C7226}.Release|Any CPU.ActiveCfg = Release|Any CPU
		{D7B2D17D-1960-41B6-BAF9-30EAEE2C7226}.Release|Any CPU.Build.0 = Release|Any CPU
		{D7B2D17D-1960-41B6-BAF9-30EAEE2C7226}.Release|ARM.ActiveCfg = Release|Any CPU
		{D7B2D17D-1960-41B6-BAF9-30EAEE2C7226}.Release|ARM.Build.0 = Release|Any CPU
		{D7B2D17D-1960-41B6-BAF9-30EAEE2C7226}.Release|x64.ActiveCfg = Release|Any CPU
		{D7B2D17D-1960-41B6-BAF9-30EAEE2C7226}.Release|x64.Build.0 = Release|Any CPU
		{D7B2D17D-1960-41B6-BAF9-30EAEE2C7226}.Release|x86.ActiveCfg = Release|Any CPU
		{D7B2D17D-1960-41B6-BAF9-30EAEE2C7226}.Release|x86.Build.0 = Release|Any CPU
	EndGlobalSection
	GlobalSection(SolutionProperties) = preSolution
		HideSolutionNode = FALSE
	EndGlobalSection
	GlobalSection(ExtensibilityGlobals) = postSolution
		SolutionGuid = {A3BD70DE-A64C-40B0-9F71-CDD296B74EE9}
	EndGlobalSection
EndGlobal
